
Microsoft Visual Studio Solution File, Format Version 12.00
# Visual Studio 2015
Project("{FAE04EC0-301F-11D3-BF4B-00C04F79EFBC}") = "GrabThat", "GrabThat.csproj", "{2FAFECA7-2AE8-0A41-4025-536C8338AC5B}"
EndProject
Project("{FAE04EC0-301F-11D3-BF4B-00C04F79EFBC}") = "GrabThat.Editor", "GrabThat.Editor.csproj", "{94D1C937-008D-E2F5-D065-26AAEF72114D}"
EndProject
Global
	GlobalSection(SolutionConfigurationPlatforms) = preSolution
		Debug|Any CPU = Debug|Any CPU
		Release|Any CPU = Release|Any CPU
	EndGlobalSection
	GlobalSection(ProjectConfigurationPlatforms) = postSolution
		{2FAFECA7-2AE8-0A41-4025-536C8338AC5B}.Debug|Any CPU.ActiveCfg = Debug|Any CPU
		{2FAFECA7-2AE8-0A41-4025-536C8338AC5B}.Debug|Any CPU.Build.0 = Debug|Any CPU
		{2FAFECA7-2AE8-0A41-4025-536C8338AC5B}.Release|Any CPU.ActiveCfg = Release|Any CPU
		{2FAFECA7-2AE8-0A41-4025-536C8338AC5B}.Release|Any CPU.Build.0 = Release|Any CPU
		{94D1C937-008D-E2F5-D065-26AAEF72114D}.Debug|Any CPU.ActiveCfg = Debug|Any CPU
		{94D1C937-008D-E2F5-D065-26AAEF72114D}.Debug|Any CPU.Build.0 = Debug|Any CPU
		{94D1C937-008D-E2F5-D065-26AAEF72114D}.Release|Any CPU.ActiveCfg = Release|Any CPU
		{94D1C937-008D-E2F5-D065-26AAEF72114D}.Release|Any CPU.Build.0 = Release|Any CPU
	EndGlobalSection
	GlobalSection(SolutionProperties) = preSolution
		HideSolutionNode = FALSE
	EndGlobalSection
EndGlobal
